
Microsoft Visual Studio Solution File, Format Version 12.00
# Visual Studio Version 16
VisualStudioVersion = 16.0.31205.134
MinimumVisualStudioVersion = 10.0.40219.1
Project("{FAE04EC0-301F-11D3-BF4B-00C04F79EFBC}") = "Java-Date-and-Time", "Java-Date-and-Time\Java-Date-and-Time.csproj", "{08842F3D-E3CF-4DC1-8F15-A6FE7C088055}"
EndProject
Global
	GlobalSection(SolutionConfigurationPlatforms) = preSolution
		Debug|Any CPU = Debug|Any CPU
		Release|Any CPU = Release|Any CPU
	EndGlobalSection
	GlobalSection(ProjectConfigurationPlatforms) = postSolution
		{08842F3D-E3CF-4DC1-8F15-A6FE7C088055}.Debug|Any CPU.ActiveCfg = Debug|Any CPU
		{08842F3D-E3CF-4DC1-8F15-A6FE7C088055}.Debug|Any CPU.Build.0 = Debug|Any CPU
		{08842F3D-E3CF-4DC1-8F15-A6FE7C088055}.Release|Any CPU.ActiveCfg = Release|Any CPU
		{08842F3D-E3CF-4DC1-8F15-A6FE7C088055}.Release|Any CPU.Build.0 = Release|Any CPU
	EndGlobalSection
	GlobalSection(SolutionProperties) = preSolution
		HideSolutionNode = FALSE
	EndGlobalSection
	GlobalSection(ExtensibilityGlobals) = postSolution
		SolutionGuid = {C40FE828-D214-46B0-8072-19960A346DC8}
	EndGlobalSection
EndGlobal
